Microsoft Visual Studio Solution File, Format Version 8.00
Project("{F184B08F-C81C-45F6-A57F-5ABD9991F28F}") = "nSidePolygon", "nSidePolygon.vbproj", "{B11FDEC1-A40B-4A00-BD4F-170033CA47C7}"
	ProjectSection(ProjectDependencies) = postProject
	EndProjectSection
EndProject
Global
	GlobalSection(SolutionConfiguration) = preSolution
		Debug = Debug
		Release = Release
	EndGlobalSection
	GlobalSection(ProjectConfiguration) = postSolution
		{B11FDEC1-A40B-4A00-BD4F-170033CA47C7}.Debug.ActiveCfg = Debug|.NET
		{B11FDEC1-A40B-4A00-BD4F-170033CA47C7}.Debug.Build.0 = Debug|.NET
		{B11FDEC1-A40B-4A00-BD4F-170033CA47C7}.Release.ActiveCfg = Release|.NET
		{B11FDEC1-A40B-4A00-BD4F-170033CA47C7}.Release.Build.0 = Release|.NET
	EndGlobalSection
	GlobalSection(ExtensibilityGlobals) = postSolution
	EndGlobalSection
	GlobalSection(ExtensibilityAddIns) = postSolution
	EndGlobalSection
EndGlobal
